
Microsoft Visual Studio Solution File, Format Version 12.00
# Visual Studio Version 16
VisualStudioVersion = 16.0.29613.14
MinimumVisualStudioVersion = 10.0.40219.1
Project("{FAE04EC0-301F-11D3-BF4B-00C04F79EFBC}") = "PlanB.BL", "PlanB.BL\PlanB.BL.csproj", "{D8BDF332-A6EB-48C0-93F8-FF241A79D0BA}"
EndProject
Project("{FAE04EC0-301F-11D3-BF4B-00C04F79EFBC}") = "PlanB.Console", "PlanB.Console\PlanB.Console.csproj", "{9D13FA18-18EB-449C-8DED-5C68D2699F27}"
EndProject
Global
	GlobalSection(SolutionConfigurationPlatforms) = preSolution
		Debug|Any CPU = Debug|Any CPU
		Release|Any CPU = Release|Any CPU
	EndGlobalSection
	GlobalSection(ProjectConfigurationPlatforms) = postSolution
		{D8BDF332-A6EB-48C0-93F8-FF241A79D0BA}.Debug|Any CPU.ActiveCfg = Debug|Any CPU
		{D8BDF332-A6EB-48C0-93F8-FF241A79D0BA}.Debug|Any CPU.Build.0 = Debug|Any CPU
		{D8BDF332-A6EB-48C0-93F8-FF241A79D0BA}.Release|Any CPU.ActiveCfg = Release|Any CPU
		{D8BDF332-A6EB-48C0-93F8-FF241A79D0BA}.Release|Any CPU.Build.0 = Release|Any CPU
		{9D13FA18-18EB-449C-8DED-5C68D2699F27}.Debug|Any CPU.ActiveCfg = Debug|Any CPU
		{9D13FA18-18EB-449C-8DED-5C68D2699F27}.Debug|Any CPU.Build.0 = Debug|Any CPU
		{9D13FA18-18EB-449C-8DED-5C68D2699F27}.Release|Any CPU.ActiveCfg = Release|Any CPU
		{9D13FA18-18EB-449C-8DED-5C68D2699F27}.Release|Any CPU.Build.0 = Release|Any CPU
	EndGlobalSection
	GlobalSection(SolutionProperties) = preSolution
		HideSolutionNode = FALSE
	EndGlobalSection
	GlobalSection(ExtensibilityGlobals) = postSolution
		SolutionGuid = {2BEE75DF-5D87-4636-BA32-C3FE69B3C2FF}
	EndGlobalSection
EndGlobal
